
Microsoft Visual Studio Solution File, Format Version 12.00
# Visual Studio Version 17
VisualStudioVersion = 17.11.35327.3
MinimumVisualStudioVersion = 10.0.40219.1
Project("{E53339B2-1760-4266-BCC7-CA923CBCF16C}") = "docker-compose", "docker-compose.dcproj", "{2E50F8A9-A303-4267-88C6-F61A1715C622}"
EndProject
Project("{2150E333-8FDC-42A3-9474-1A3956D46DE8}") = "Solution Items", "Solution Items", "{C683D57B-5D58-4409-BA13-C9B4359EBF35}"
	ProjectSection(SolutionItems) = preProject
		.env = .env
	EndProjectSection
EndProject
Project("{2150E333-8FDC-42A3-9474-1A3956D46DE8}") = "tests", "tests", "{533AF336-EFA4-4C2F-9080-1C92A8583AAD}"
EndProject
Project("{2150E333-8FDC-42A3-9474-1A3956D46DE8}") = "ListingService", "ListingService", "{7724EC09-D5D1-43C5-B7D5-FD9360054790}"
EndProject
Project("{9A19103F-16F7-4668-BE54-9A1E7A4F7556}") = "ListingsService.Tests", "tests\ListingService\ListingsService.Tests\ListingsService.Tests.csproj", "{86F7B2A4-82D8-4E5F-99A7-DB2756851784}"
EndProject
Project("{2150E333-8FDC-42A3-9474-1A3956D46DE8}") = "PurchaseService", "PurchaseService", "{F19383AC-35AE-4AA3-86C0-7FAC032B8D75}"
EndProject
Project("{9A19103F-16F7-4668-BE54-9A1E7A4F7556}") = "PurchaseService.Tests", "tests\PurchaseService\PurchaseService.Tests\PurchaseService.Tests.csproj", "{CA0EE377-64B0-4EB9-A2BD-303990E3E120}"
EndProject
Project("{2150E333-8FDC-42A3-9474-1A3956D46DE8}") = "src", "src", "{2B526B35-206C-4F54-9670-19C9B0122C0B}"
EndProject
Project("{2150E333-8FDC-42A3-9474-1A3956D46DE8}") = "PurchaseService", "PurchaseService", "{96C032F3-DB50-4544-8BC2-976BBFD9E6C7}"
EndProject
Project("{9A19103F-16F7-4668-BE54-9A1E7A4F7556}") = "PurchaseService.Domain", "src\PurchaseService\PurchaseService.Domain\PurchaseService.Domain.csproj", "{58B3EB3D-6456-4694-B6B1-CE381ADDA564}"
EndProject
Project("{9A19103F-16F7-4668-BE54-9A1E7A4F7556}") = "PurchaseService.Application", "src\PurchaseService\PurchaseService.Application\PurchaseService.Application.csproj", "{33E8067E-E7AE-4273-AD33-B1573A998399}"
EndProject
Project("{2150E333-8FDC-42A3-9474-1A3956D46DE8}") = "ListingService", "ListingService", "{A5F7E71F-0676-403E-9CE2-DDD852AF9ADB}"
EndProject
Project("{9A19103F-16F7-4668-BE54-9A1E7A4F7556}") = "ListingsService.Application", "src\ListingService\ListingsService.Application\ListingsService.Application.csproj", "{3A80634C-F885-4B0E-B81F-860809F57047}"
EndProject
Project("{9A19103F-16F7-4668-BE54-9A1E7A4F7556}") = "ListingsService.Domain", "src\ListingService\ListingsService.Domain\ListingsService.Domain.csproj", "{941D828F-A34E-42FF-9941-587BA7EE9FED}"
EndProject
Project("{2150E333-8FDC-42A3-9474-1A3956D46DE8}") = "API", "API", "{FDB40BF7-9B1A-49C5-A3CE-219CB32E8DB3}"
EndProject
Project("{9A19103F-16F7-4668-BE54-9A1E7A4F7556}") = "ListingsService.API", "src\ListingService\API\ListingsService.API\ListingsService.API.csproj", "{D4130B1C-B5BA-4DA7-80DD-5CE0BFF4D794}"
EndProject
Project("{2150E333-8FDC-42A3-9474-1A3956D46DE8}") = "API", "API", "{F6DA91FB-AA20-4CE5-BCA4-935FC54835C5}"
EndProject
Project("{9A19103F-16F7-4668-BE54-9A1E7A4F7556}") = "PurchaseService.API", "src\PurchaseService\API\PurchaseService.API\PurchaseService.API.csproj", "{4843EC3F-71FE-4BCE-8797-472DAAA7978E}"
EndProject
Project("{2150E333-8FDC-42A3-9474-1A3956D46DE8}") = "UserService", "UserService", "{BE47FAC9-5A1D-445B-8BBB-C40DA4827C63}"
EndProject
Project("{9A19103F-16F7-4668-BE54-9A1E7A4F7556}") = "UsersService.Application", "src\UserService\UsersService.Application\UsersService.Application.csproj", "{E3DF36E0-15E2-4920-B061-E006A5CED1FB}"
EndProject
Project("{9A19103F-16F7-4668-BE54-9A1E7A4F7556}") = "UsersService.Domain", "src\UserService\UsersService.Domain\UsersService.Domain.csproj", "{97642959-3C4B-40E5-90ED-EC0125979035}"
EndProject
Project("{2150E333-8FDC-42A3-9474-1A3956D46DE8}") = "API", "API", "{CAB59418-6D3B-4BCA-80A0-58C837E48C2E}"
EndProject
Project("{9A19103F-16F7-4668-BE54-9A1E7A4F7556}") = "StudentSwapApp.API", "src\UserService\API\StudentSwapApp\StudentSwapApp.API.csproj", "{91C3EB84-2C14-4878-B09F-E6215E87E571}"
EndProject
Project("{2150E333-8FDC-42A3-9474-1A3956D46DE8}") = "UserService", "UserService", "{FD2A62D4-95CB-490D-8ED7-CF5BD1DA5F51}"
EndProject
Project("{9A19103F-16F7-4668-BE54-9A1E7A4F7556}") = "UserService.Tests", "tests\UserService\UserService.Tests\UserService.Tests.csproj", "{045905F5-DC8F-4140-9A26-782A0E1ED0D0}"
EndProject
Project("{2150E333-8FDC-42A3-9474-1A3956D46DE8}") = "NotificationService", "NotificationService", "{921B8ADC-B392-4346-B477-A3DDEDB73BCB}"
EndProject
Project("{2150E333-8FDC-42A3-9474-1A3956D46DE8}") = "API", "API", "{7E154AC6-519B-46D4-8814-C34518ADCEFE}"
EndProject
Project("{9A19103F-16F7-4668-BE54-9A1E7A4F7556}") = "NotificationService.Application", "src\NotificationService\NotificationService.Application\NotificationService.Application.csproj", "{38A50E4C-572D-4B56-8665-6E6CEA6BF4D1}"
EndProject
Project("{9A19103F-16F7-4668-BE54-9A1E7A4F7556}") = "PaymentService.API", "src\PaymentService\API\PaymentService.API\PaymentService.API.csproj", "{330ADD85-4D7C-4559-838B-BB119BEB5BC5}"
EndProject
Project("{2150E333-8FDC-42A3-9474-1A3956D46DE8}") = "PaymentService", "PaymentService", "{AF566C67-745B-43E6-A4BF-8356C8E548FA}"
EndProject
Project("{2150E333-8FDC-42A3-9474-1A3956D46DE8}") = "API", "API", "{6C84CD85-81CA-4B21-92CA-F11F5582C539}"
EndProject
Project("{9A19103F-16F7-4668-BE54-9A1E7A4F7556}") = "PaymentService.Domain", "src\PaymentService\PaymentService.Domain\PaymentService.Domain.csproj", "{9505F776-3A54-4548-91C5-804956DEA075}"
EndProject
Project("{9A19103F-16F7-4668-BE54-9A1E7A4F7556}") = "PaymentService.Application", "src\PaymentService\PaymentService.Application\PaymentService.Application.csproj", "{D2E159AE-2DC6-4A1D-BF95-6BC5829C05B1}"
EndProject
Project("{9A19103F-16F7-4668-BE54-9A1E7A4F7556}") = "NotificationsService", "src\NotificationService\API\NotificationsService\NotificationsService.csproj", "{13FCAE93-960A-4AD8-A9A0-BAD0DEFD3EEF}"
EndProject
Global
	GlobalSection(SolutionConfigurationPlatforms) = preSolution
		Debug|Any CPU = Debug|Any CPU
		Release|Any CPU = Release|Any CPU
	EndGlobalSection
	GlobalSection(ProjectConfigurationPlatforms) = postSolution
		{2E50F8A9-A303-4267-88C6-F61A1715C622}.Debug|Any CPU.ActiveCfg = Debug|Any CPU
		{2E50F8A9-A303-4267-88C6-F61A1715C622}.Debug|Any CPU.Build.0 = Debug|Any CPU
		{2E50F8A9-A303-4267-88C6-F61A1715C622}.Release|Any CPU.ActiveCfg = Release|Any CPU
		{2E50F8A9-A303-4267-88C6-F61A1715C622}.Release|Any CPU.Build.0 = Release|Any CPU
		{86F7B2A4-82D8-4E5F-99A7-DB2756851784}.Debug|Any CPU.ActiveCfg = Debug|Any CPU
		{86F7B2A4-82D8-4E5F-99A7-DB2756851784}.Debug|Any CPU.Build.0 = Debug|Any CPU
		{86F7B2A4-82D8-4E5F-99A7-DB2756851784}.Release|Any CPU.ActiveCfg = Release|Any CPU
		{86F7B2A4-82D8-4E5F-99A7-DB2756851784}.Release|Any CPU.Build.0 = Release|Any CPU
		{CA0EE377-64B0-4EB9-A2BD-303990E3E120}.Debug|Any CPU.ActiveCfg = Debug|Any CPU
		{CA0EE377-64B0-4EB9-A2BD-303990E3E120}.Debug|Any CPU.Build.0 = Debug|Any CPU
		{CA0EE377-64B0-4EB9-A2BD-303990E3E120}.Release|Any CPU.ActiveCfg = Release|Any CPU
		{CA0EE377-64B0-4EB9-A2BD-303990E3E120}.Release|Any CPU.Build.0 = Release|Any CPU
		{58B3EB3D-6456-4694-B6B1-CE381ADDA564}.Debug|Any CPU.ActiveCfg = Debug|Any CPU
		{58B3EB3D-6456-4694-B6B1-CE381ADDA564}.Debug|Any CPU.Build.0 = Debug|Any CPU
		{58B3EB3D-6456-4694-B6B1-CE381ADDA564}.Release|Any CPU.ActiveCfg = Release|Any CPU
		{58B3EB3D-6456-4694-B6B1-CE381ADDA564}.Release|Any CPU.Build.0 = Release|Any CPU
		{33E8067E-E7AE-4273-AD33-B1573A998399}.Debug|Any CPU.ActiveCfg = Debug|Any CPU
		{33E8067E-E7AE-4273-AD33-B1573A998399}.Debug|Any CPU.Build.0 = Debug|Any CPU
		{33E8067E-E7AE-4273-AD33-B1573A998399}.Release|Any CPU.ActiveCfg = Release|Any CPU
		{33E8067E-E7AE-4273-AD33-B1573A998399}.Release|Any CPU.Build.0 = Release|Any CPU
		{3A80634C-F885-4B0E-B81F-860809F57047}.Debug|Any CPU.ActiveCfg = Debug|Any CPU
		{3A80634C-F885-4B0E-B81F-860809F57047}.Debug|Any CPU.Build.0 = Debug|Any CPU
		{3A80634C-F885-4B0E-B81F-860809F57047}.Release|Any CPU.ActiveCfg = Release|Any CPU
		{3A80634C-F885-4B0E-B81F-860809F57047}.Release|Any CPU.Build.0 = Release|Any CPU
		{941D828F-A34E-42FF-9941-587BA7EE9FED}.Debug|Any CPU.ActiveCfg = Debug|Any CPU
		{941D828F-A34E-42FF-9941-587BA7EE9FED}.Debug|Any CPU.Build.0 = Debug|Any CPU
		{941D828F-A34E-42FF-9941-587BA7EE9FED}.Release|Any CPU.ActiveCfg = Release|Any CPU
		{941D828F-A34E-42FF-9941-587BA7EE9FED}.Release|Any CPU.Build.0 = Release|Any CPU
		{D4130B1C-B5BA-4DA7-80DD-5CE0BFF4D794}.Debug|Any CPU.ActiveCfg = Debug|Any CPU
		{D4130B1C-B5BA-4DA7-80DD-5CE0BFF4D794}.Debug|Any CPU.Build.0 = Debug|Any CPU
		{D4130B1C-B5BA-4DA7-80DD-5CE0BFF4D794}.Release|Any CPU.ActiveCfg = Release|Any CPU
		{D4130B1C-B5BA-4DA7-80DD-5CE0BFF4D794}.Release|Any CPU.Build.0 = Release|Any CPU
		{4843EC3F-71FE-4BCE-8797-472DAAA7978E}.Debug|Any CPU.ActiveCfg = Debug|Any CPU
		{4843EC3F-71FE-4BCE-8797-472DAAA7978E}.Debug|Any CPU.Build.0 = Debug|Any CPU
		{4843EC3F-71FE-4BCE-8797-472DAAA7978E}.Release|Any CPU.ActiveCfg = Release|Any CPU
		{4843EC3F-71FE-4BCE-8797-472DAAA7978E}.Release|Any CPU.Build.0 = Release|Any CPU
		{E3DF36E0-15E2-4920-B061-E006A5CED1FB}.Debug|Any CPU.ActiveCfg = Debug|Any CPU
		{E3DF36E0-15E2-4920-B061-E006A5CED1FB}.Debug|Any CPU.Build.0 = Debug|Any CPU
		{E3DF36E0-15E2-4920-B061-E006A5CED1FB}.Release|Any CPU.ActiveCfg = Release|Any CPU
		{E3DF36E0-15E2-4920-B061-E006A5CED1FB}.Release|Any CPU.Build.0 = Release|Any CPU
		{97642959-3C4B-40E5-90ED-EC0125979035}.Debug|Any CPU.ActiveCfg = Debug|Any CPU
		{97642959-3C4B-40E5-90ED-EC0125979035}.Debug|Any CPU.Build.0 = Debug|Any CPU
		{97642959-3C4B-40E5-90ED-EC0125979035}.Release|Any CPU.ActiveCfg = Release|Any CPU
		{97642959-3C4B-40E5-90ED-EC0125979035}.Release|Any CPU.Build.0 = Release|Any CPU
		{91C3EB84-2C14-4878-B09F-E6215E87E571}.Debug|Any CPU.ActiveCfg = Debug|Any CPU
		{91C3EB84-2C14-4878-B09F-E6215E87E571}.Debug|Any CPU.Build.0 = Debug|Any CPU
		{91C3EB84-2C14-4878-B09F-E6215E87E571}.Release|Any CPU.ActiveCfg = Release|Any CPU
		{91C3EB84-2C14-4878-B09F-E6215E87E571}.Release|Any CPU.Build.0 = Release|Any CPU
		{045905F5-DC8F-4140-9A26-782A0E1ED0D0}.Debug|Any CPU.ActiveCfg = Debug|Any CPU
		{045905F5-DC8F-4140-9A26-782A0E1ED0D0}.Debug|Any CPU.Build.0 = Debug|Any CPU
		{045905F5-DC8F-4140-9A26-782A0E1ED0D0}.Release|Any CPU.ActiveCfg = Release|Any CPU
		{045905F5-DC8F-4140-9A26-782A0E1ED0D0}.Release|Any CPU.Build.0 = Release|Any CPU
		{38A50E4C-572D-4B56-8665-6E6CEA6BF4D1}.Debug|Any CPU.ActiveCfg = Debug|Any CPU
		{38A50E4C-572D-4B56-8665-6E6CEA6BF4D1}.Debug|Any CPU.Build.0 = Debug|Any CPU
		{38A50E4C-572D-4B56-8665-6E6CEA6BF4D1}.Release|Any CPU.ActiveCfg = Release|Any CPU
		{38A50E4C-572D-4B56-8665-6E6CEA6BF4D1}.Release|Any CPU.Build.0 = Release|Any CPU
		{330ADD85-4D7C-4559-838B-BB119BEB5BC5}.Debug|Any CPU.ActiveCfg = Debug|Any CPU
		{330ADD85-4D7C-4559-838B-BB119BEB5BC5}.Debug|Any CPU.Build.0 = Debug|Any CPU
		{330ADD85-4D7C-4559-838B-BB119BEB5BC5}.Release|Any CPU.ActiveCfg = Release|Any CPU
		{330ADD85-4D7C-4559-838B-BB119BEB5BC5}.Release|Any CPU.Build.0 = Release|Any CPU
		{9505F776-3A54-4548-91C5-804956DEA075}.Debug|Any CPU.ActiveCfg = Debug|Any CPU
		{9505F776-3A54-4548-91C5-804956DEA075}.Debug|Any CPU.Build.0 = Debug|Any CPU
		{9505F776-3A54-4548-91C5-804956DEA075}.Release|Any CPU.ActiveCfg = Release|Any CPU
		{9505F776-3A54-4548-91C5-804956DEA075}.Release|Any CPU.Build.0 = Release|Any CPU
		{D2E159AE-2DC6-4A1D-BF95-6BC5829C05B1}.Debug|Any CPU.ActiveCfg = Debug|Any CPU
		{D2E159AE-2DC6-4A1D-BF95-6BC5829C05B1}.Debug|Any CPU.Build.0 = Debug|Any CPU
		{D2E159AE-2DC6-4A1D-BF95-6BC5829C05B1}.Release|Any CPU.ActiveCfg = Release|Any CPU
		{D2E159AE-2DC6-4A1D-BF95-6BC5829C05B1}.Release|Any CPU.Build.0 = Release|Any CPU
		{13FCAE93-960A-4AD8-A9A0-BAD0DEFD3EEF}.Debug|Any CPU.ActiveCfg = Debug|Any CPU
		{13FCAE93-960A-4AD8-A9A0-BAD0DEFD3EEF}.Debug|Any CPU.Build.0 = Debug|Any CPU
		{13FCAE93-960A-4AD8-A9A0-BAD0DEFD3EEF}.Release|Any CPU.ActiveCfg = Release|Any CPU
		{13FCAE93-960A-4AD8-A9A0-BAD0DEFD3EEF}.Release|Any CPU.Build.0 = Release|Any CPU
	EndGlobalSection
	GlobalSection(SolutionProperties) = preSolution
		HideSolutionNode = FALSE
	EndGlobalSection
	GlobalSection(NestedProjects) = preSolution
		{7724EC09-D5D1-43C5-B7D5-FD9360054790} = {533AF336-EFA4-4C2F-9080-1C92A8583AAD}
		{86F7B2A4-82D8-4E5F-99A7-DB2756851784} = {7724EC09-D5D1-43C5-B7D5-FD9360054790}
		{F19383AC-35AE-4AA3-86C0-7FAC032B8D75} = {533AF336-EFA4-4C2F-9080-1C92A8583AAD}
		{CA0EE377-64B0-4EB9-A2BD-303990E3E120} = {F19383AC-35AE-4AA3-86C0-7FAC032B8D75}
		{96C032F3-DB50-4544-8BC2-976BBFD9E6C7} = {2B526B35-206C-4F54-9670-19C9B0122C0B}
		{58B3EB3D-6456-4694-B6B1-CE381ADDA564} = {96C032F3-DB50-4544-8BC2-976BBFD9E6C7}
		{33E8067E-E7AE-4273-AD33-B1573A998399} = {96C032F3-DB50-4544-8BC2-976BBFD9E6C7}
		{A5F7E71F-0676-403E-9CE2-DDD852AF9ADB} = {2B526B35-206C-4F54-9670-19C9B0122C0B}
		{3A80634C-F885-4B0E-B81F-860809F57047} = {A5F7E71F-0676-403E-9CE2-DDD852AF9ADB}
		{941D828F-A34E-42FF-9941-587BA7EE9FED} = {A5F7E71F-0676-403E-9CE2-DDD852AF9ADB}
		{FDB40BF7-9B1A-49C5-A3CE-219CB32E8DB3} = {A5F7E71F-0676-403E-9CE2-DDD852AF9ADB}
		{D4130B1C-B5BA-4DA7-80DD-5CE0BFF4D794} = {FDB40BF7-9B1A-49C5-A3CE-219CB32E8DB3}
		{F6DA91FB-AA20-4CE5-BCA4-935FC54835C5} = {96C032F3-DB50-4544-8BC2-976BBFD9E6C7}
		{4843EC3F-71FE-4BCE-8797-472DAAA7978E} = {F6DA91FB-AA20-4CE5-BCA4-935FC54835C5}
		{BE47FAC9-5A1D-445B-8BBB-C40DA4827C63} = {2B526B35-206C-4F54-9670-19C9B0122C0B}
		{E3DF36E0-15E2-4920-B061-E006A5CED1FB} = {BE47FAC9-5A1D-445B-8BBB-C40DA4827C63}
		{97642959-3C4B-40E5-90ED-EC0125979035} = {BE47FAC9-5A1D-445B-8BBB-C40DA4827C63}
		{CAB59418-6D3B-4BCA-80A0-58C837E48C2E} = {BE47FAC9-5A1D-445B-8BBB-C40DA4827C63}
		{91C3EB84-2C14-4878-B09F-E6215E87E571} = {CAB59418-6D3B-4BCA-80A0-58C837E48C2E}
		{FD2A62D4-95CB-490D-8ED7-CF5BD1DA5F51} = {533AF336-EFA4-4C2F-9080-1C92A8583AAD}
		{045905F5-DC8F-4140-9A26-782A0E1ED0D0} = {FD2A62D4-95CB-490D-8ED7-CF5BD1DA5F51}
		{921B8ADC-B392-4346-B477-A3DDEDB73BCB} = {2B526B35-206C-4F54-9670-19C9B0122C0B}
		{7E154AC6-519B-46D4-8814-C34518ADCEFE} = {921B8ADC-B392-4346-B477-A3DDEDB73BCB}
		{38A50E4C-572D-4B56-8665-6E6CEA6BF4D1} = {921B8ADC-B392-4346-B477-A3DDEDB73BCB}
		{330ADD85-4D7C-4559-838B-BB119BEB5BC5} = {6C84CD85-81CA-4B21-92CA-F11F5582C539}
		{AF566C67-745B-43E6-A4BF-8356C8E548FA} = {2B526B35-206C-4F54-9670-19C9B0122C0B}
		{6C84CD85-81CA-4B21-92CA-F11F5582C539} = {AF566C67-745B-43E6-A4BF-8356C8E548FA}
		{9505F776-3A54-4548-91C5-804956DEA075} = {AF566C67-745B-43E6-A4BF-8356C8E548FA}
		{D2E159AE-2DC6-4A1D-BF95-6BC5829C05B1} = {AF566C67-745B-43E6-A4BF-8356C8E548FA}
		{13FCAE93-960A-4AD8-A9A0-BAD0DEFD3EEF} = {7E154AC6-519B-46D4-8814-C34518ADCEFE}
	EndGlobalSection
	GlobalSection(ExtensibilityGlobals) = postSolution
		SolutionGuid = {1B32482E-F6DB-4EB3-BE7D-921ACE94A3BF}
	EndGlobalSection
EndGlobal
